
Microsoft Visual Studio Solution File, Format Version 12.00
Project("{FAE04EC0-301F-11D3-BF4B-00C04F79EFBC}") = "Grpc.Performance.Grpc.CodeFirst", "src\Grpc.Performance.Grpc.CodeFirst\Grpc.Performance.Grpc.CodeFirst.csproj", "{59414F96-1A50-4E31-BF70-015107C413CC}"
EndProject
Project("{FAE04EC0-301F-11D3-BF4B-00C04F79EFBC}") = "Grpc.Performance.Contracts", "src\Grpc.Performance.Contracts\Grpc.Performance.Contracts.csproj", "{1DBE9805-5A7A-4A85-A1F8-4C03E640D99E}"
EndProject
Project("{FAE04EC0-301F-11D3-BF4B-00C04F79EFBC}") = "Grpc.Performance.Persistence", "src\Grpc.Performance.Persistence\Grpc.Performance.Persistence.csproj", "{0DA134D6-590E-42E9-A605-45C7FB269594}"
EndProject
Project("{2150E333-8FDC-42A3-9474-1A3956D46DE8}") = "shared", "shared", "{21420FD1-ECFB-47B7-827E-C26D14EADFBD}"
EndProject
Project("{2150E333-8FDC-42A3-9474-1A3956D46DE8}") = "server", "server", "{6666A1EB-F36C-4888-B939-1E11A6222840}"
EndProject
Project("{FAE04EC0-301F-11D3-BF4B-00C04F79EFBC}") = "Grpc.Performance", "src\Grpc.Performance\Grpc.Performance.csproj", "{43141AB0-634A-45D6-806A-71085EDEC72B}"
EndProject
Project("{FAE04EC0-301F-11D3-BF4B-00C04F79EFBC}") = "Grpc.Performance.Rest", "src\Grpc.Performance.Rest\Grpc.Performance.Rest.csproj", "{DC334584-CCB0-4E6F-A903-03A25F8FD27A}"
EndProject
Project("{FAE04EC0-301F-11D3-BF4B-00C04F79EFBC}") = "Grpc.Performance.Grpc.ContractFirst", "src\Grpc.Performance.Grpc.ContractFirst\Grpc.Performance.Grpc.ContractFirst.csproj", "{1592FC7C-8302-4D4D-A674-7ACE779C413A}"
EndProject
Global
	GlobalSection(SolutionConfigurationPlatforms) = preSolution
		Debug|Any CPU = Debug|Any CPU
		Release|Any CPU = Release|Any CPU
	EndGlobalSection
	GlobalSection(ProjectConfigurationPlatforms) = postSolution
		{59414F96-1A50-4E31-BF70-015107C413CC}.Debug|Any CPU.ActiveCfg = Debug|Any CPU
		{59414F96-1A50-4E31-BF70-015107C413CC}.Debug|Any CPU.Build.0 = Debug|Any CPU
		{59414F96-1A50-4E31-BF70-015107C413CC}.Release|Any CPU.ActiveCfg = Release|Any CPU
		{59414F96-1A50-4E31-BF70-015107C413CC}.Release|Any CPU.Build.0 = Release|Any CPU
		{1DBE9805-5A7A-4A85-A1F8-4C03E640D99E}.Debug|Any CPU.ActiveCfg = Debug|Any CPU
		{1DBE9805-5A7A-4A85-A1F8-4C03E640D99E}.Debug|Any CPU.Build.0 = Debug|Any CPU
		{1DBE9805-5A7A-4A85-A1F8-4C03E640D99E}.Release|Any CPU.ActiveCfg = Release|Any CPU
		{1DBE9805-5A7A-4A85-A1F8-4C03E640D99E}.Release|Any CPU.Build.0 = Release|Any CPU
		{0DA134D6-590E-42E9-A605-45C7FB269594}.Debug|Any CPU.ActiveCfg = Debug|Any CPU
		{0DA134D6-590E-42E9-A605-45C7FB269594}.Debug|Any CPU.Build.0 = Debug|Any CPU
		{0DA134D6-590E-42E9-A605-45C7FB269594}.Release|Any CPU.ActiveCfg = Release|Any CPU
		{0DA134D6-590E-42E9-A605-45C7FB269594}.Release|Any CPU.Build.0 = Release|Any CPU
		{43141AB0-634A-45D6-806A-71085EDEC72B}.Debug|Any CPU.ActiveCfg = Debug|Any CPU
		{43141AB0-634A-45D6-806A-71085EDEC72B}.Debug|Any CPU.Build.0 = Debug|Any CPU
		{43141AB0-634A-45D6-806A-71085EDEC72B}.Release|Any CPU.ActiveCfg = Release|Any CPU
		{43141AB0-634A-45D6-806A-71085EDEC72B}.Release|Any CPU.Build.0 = Release|Any CPU
		{DC334584-CCB0-4E6F-A903-03A25F8FD27A}.Debug|Any CPU.ActiveCfg = Debug|Any CPU
		{DC334584-CCB0-4E6F-A903-03A25F8FD27A}.Debug|Any CPU.Build.0 = Debug|Any CPU
		{DC334584-CCB0-4E6F-A903-03A25F8FD27A}.Release|Any CPU.ActiveCfg = Release|Any CPU
		{DC334584-CCB0-4E6F-A903-03A25F8FD27A}.Release|Any CPU.Build.0 = Release|Any CPU
		{1592FC7C-8302-4D4D-A674-7ACE779C413A}.Debug|Any CPU.ActiveCfg = Debug|Any CPU
		{1592FC7C-8302-4D4D-A674-7ACE779C413A}.Debug|Any CPU.Build.0 = Debug|Any CPU
		{1592FC7C-8302-4D4D-A674-7ACE779C413A}.Release|Any CPU.ActiveCfg = Release|Any CPU
		{1592FC7C-8302-4D4D-A674-7ACE779C413A}.Release|Any CPU.Build.0 = Release|Any CPU
	EndGlobalSection
	GlobalSection(NestedProjects) = preSolution
		{1DBE9805-5A7A-4A85-A1F8-4C03E640D99E} = {21420FD1-ECFB-47B7-827E-C26D14EADFBD}
		{59414F96-1A50-4E31-BF70-015107C413CC} = {6666A1EB-F36C-4888-B939-1E11A6222840}
		{0DA134D6-590E-42E9-A605-45C7FB269594} = {6666A1EB-F36C-4888-B939-1E11A6222840}
		{DC334584-CCB0-4E6F-A903-03A25F8FD27A} = {6666A1EB-F36C-4888-B939-1E11A6222840}
		{1592FC7C-8302-4D4D-A674-7ACE779C413A} = {6666A1EB-F36C-4888-B939-1E11A6222840}
	EndGlobalSection
EndGlobal
